# This file is automatically @generated by Cargo.
# It is not intended for manual editing.
version = 4

[[package]]
name = "chronicle-cmd"
version = "0.0.1"

[[package]]
name = "chronicle-common"
version = "0.0.1"

[[package]]
name = "chronicle-ffi"
version = "0.0.1"

[[package]]
name = "chronicle-node"
version = "0.0.1"

[[package]]
name = "chronicle-sdk"
version = "0.0.1"
